
Microsoft Visual Studio Solution File, Format Version 12.00
# Visual Studio Version 16
VisualStudioVersion = 16.0.32802.440
MinimumVisualStudioVersion = 10.0.40219.1
Project("{FAE04EC0-301F-11D3-BF4B-00C04F79EFBC}") = "MyWebsiteAPI", "MyWebsiteAPI\MyWebsiteAPI.csproj", "{D12491E6-80A6-4254-BDA2-94CAA6CBE7B0}"
EndProject
Global
	GlobalSection(SolutionConfigurationPlatforms) = preSolution
		Debug|Any CPU = Debug|Any CPU
		Release|Any CPU = Release|Any CPU
	EndGlobalSection
	GlobalSection(ProjectConfigurationPlatforms) = postSolution
		{D12491E6-80A6-4254-BDA2-94CAA6CBE7B0}.Debug|Any CPU.ActiveCfg = Debug|Any CPU
		{D12491E6-80A6-4254-BDA2-94CAA6CBE7B0}.Debug|Any CPU.Build.0 = Debug|Any CPU
		{D12491E6-80A6-4254-BDA2-94CAA6CBE7B0}.Release|Any CPU.ActiveCfg = Release|Any CPU
		{D12491E6-80A6-4254-BDA2-94CAA6CBE7B0}.Release|Any CPU.Build.0 = Release|Any CPU
	EndGlobalSection
	GlobalSection(SolutionProperties) = preSolution
		HideSolutionNode = FALSE
	EndGlobalSection
	GlobalSection(ExtensibilityGlobals) = postSolution
		SolutionGuid = {425AB41C-02EE-4C6D-9ED9-08CF8AD380D4}
	EndGlobalSection
EndGlobal
